
Microsoft Visual Studio Solution File, Format Version 12.00
# Visual Studio Version 17
VisualStudioVersion = 17.8.34525.116
MinimumVisualStudioVersion = 10.0.40219.1
Project("{8BC9CEB8-8B4A-11D0-8D11-00A0C91BC942}") = "Carrera Barcos", "Carrera Barcos.vcxproj", "{1F42C982-575C-4170-BACA-B1CDE92A9806}"
EndProject
Project("{8BC9CEB8-8B4A-11D0-8D11-00A0C91BC942}") = "Carrera Barcos Main", "..\Carrera Barcos Main\Carrera Barcos Main.vcxproj", "{403140EA-84A2-4B9C-A7AD-C4D0BA55029A}"
EndProject
Global
	GlobalSection(SolutionConfigurationPlatforms) = preSolution
		Debug|x64 = Debug|x64
		Debug|x86 = Debug|x86
		Release|x64 = Release|x64
		Release|x86 = Release|x86
	EndGlobalSection
	GlobalSection(ProjectConfigurationPlatforms) = postSolution
		{1F42C982-575C-4170-BACA-B1CDE92A9806}.Debug|x64.ActiveCfg = Debug|x64
		{1F42C982-575C-4170-BACA-B1CDE92A9806}.Debug|x64.Build.0 = Debug|x64
		{1F42C982-575C-4170-BACA-B1CDE92A9806}.Debug|x86.ActiveCfg = Debug|Win32
		{1F42C982-575C-4170-BACA-B1CDE92A9806}.Debug|x86.Build.0 = Debug|Win32
		{1F42C982-575C-4170-BACA-B1CDE92A9806}.Release|x64.ActiveCfg = Release|x64
		{1F42C982-575C-4170-BACA-B1CDE92A9806}.Release|x64.Build.0 = Release|x64
		{1F42C982-575C-4170-BACA-B1CDE92A9806}.Release|x86.ActiveCfg = Release|Win32
		{1F42C982-575C-4170-BACA-B1CDE92A9806}.Release|x86.Build.0 = Release|Win32
		{403140EA-84A2-4B9C-A7AD-C4D0BA55029A}.Debug|x64.ActiveCfg = Debug|x64
		{403140EA-84A2-4B9C-A7AD-C4D0BA55029A}.Debug|x64.Build.0 = Debug|x64
		{403140EA-84A2-4B9C-A7AD-C4D0BA55029A}.Debug|x86.ActiveCfg = Debug|Win32
		{403140EA-84A2-4B9C-A7AD-C4D0BA55029A}.Debug|x86.Build.0 = Debug|Win32
		{403140EA-84A2-4B9C-A7AD-C4D0BA55029A}.Release|x64.ActiveCfg = Release|x64
		{403140EA-84A2-4B9C-A7AD-C4D0BA55029A}.Release|x64.Build.0 = Release|x64
		{403140EA-84A2-4B9C-A7AD-C4D0BA55029A}.Release|x86.ActiveCfg = Release|Win32
		{403140EA-84A2-4B9C-A7AD-C4D0BA55029A}.Release|x86.Build.0 = Release|Win32
	EndGlobalSection
	GlobalSection(SolutionProperties) = preSolution
		HideSolutionNode = FALSE
	EndGlobalSection
	GlobalSection(ExtensibilityGlobals) = postSolution
		SolutionGuid = {D829D13C-1924-4FB2-81D5-6D56553B6152}
	EndGlobalSection
EndGlobal
